
Microsoft Visual Studio Solution File, Format Version 12.00
# Visual Studio Version 17
VisualStudioVersion = 17.7.34018.315
MinimumVisualStudioVersion = 10.0.40219.1
Project("{8BC9CEB8-8B4A-11D0-8D11-00A0C91BC942}") = "dll_sideloading", "dll_sideloading.vcxproj", "{F2F8DB65-9E21-4A70-8C95-F2B7D02C453C}"
EndProject
Global
	GlobalSection(SolutionConfigurationPlatforms) = preSolution
		Debug|x64 = Debug|x64
		Debug|x86 = Debug|x86
		Release|x64 = Release|x64
		Release|x86 = Release|x86
	EndGlobalSection
	GlobalSection(ProjectConfigurationPlatforms) = postSolution
		{F2F8DB65-9E21-4A70-8C95-F2B7D02C453C}.Debug|x64.ActiveCfg = Debug|x64
		{F2F8DB65-9E21-4A70-8C95-F2B7D02C453C}.Debug|x64.Build.0 = Debug|x64
		{F2F8DB65-9E21-4A70-8C95-F2B7D02C453C}.Debug|x86.ActiveCfg = Debug|Win32
		{F2F8DB65-9E21-4A70-8C95-F2B7D02C453C}.Debug|x86.Build.0 = Debug|Win32
		{F2F8DB65-9E21-4A70-8C95-F2B7D02C453C}.Release|x64.ActiveCfg = Release|x64
		{F2F8DB65-9E21-4A70-8C95-F2B7D02C453C}.Release|x64.Build.0 = Release|x64
		{F2F8DB65-9E21-4A70-8C95-F2B7D02C453C}.Release|x86.ActiveCfg = Release|Win32
		{F2F8DB65-9E21-4A70-8C95-F2B7D02C453C}.Release|x86.Build.0 = Release|Win32
	EndGlobalSection
	GlobalSection(SolutionProperties) = preSolution
		HideSolutionNode = FALSE
	EndGlobalSection
	GlobalSection(ExtensibilityGlobals) = postSolution
		SolutionGuid = {BB05E82A-B308-4F1C-ADC4-2E9FEAC5329C}
	EndGlobalSection
EndGlobal
